{
  "name": "clase-2",
  "version": "1.0.0",
  "lockfileVersion": 1,
  "requires": true,
  "dependencies": {
    "operasiro": {
      "version": "0.0.2",
      "resolved": "https://registry.npmjs.org/operasiro/-/operasiro-0.0.2.tgz",
      "integrity": "sha512-DLWYjIMT43uNo/bktbm5ojD1R9SjTYR12S/C5f5bA8pmK+p1iOL0E87HetBsY18zZOgQ1aSYlDJg++g6RpRj8Q=="
    }
  }
}
